
Microsoft Visual Studio Solution File, Format Version 12.00
# Visual Studio Version 17
VisualStudioVersion = 17.0.31919.166
MinimumVisualStudioVersion = 10.0.40219.1
Project("{FAE04EC0-301F-11D3-BF4B-00C04F79EFBC}") = "BlazorDashboardApp.Server", "BlazorDashboardApp\BlazorDashboardApp.Server\BlazorDashboardApp.Server.csproj", "{13C69CE2-B0B2-4261-AC23-B69277E780F3}"
EndProject
Project("{FAE04EC0-301F-11D3-BF4B-00C04F79EFBC}") = "BlazorDashboardApp.Client", "BlazorDashboardApp\BlazorDashboardApp.Client\BlazorDashboardApp.Client.csproj", "{706137DB-8490-4097-8167-2AEA2B68BCAF}"
EndProject
Project("{FAE04EC0-301F-11D3-BF4B-00C04F79EFBC}") = "BlazorDashboardApp.Shared", "BlazorDashboardApp\BlazorDashboardApp.Shared\BlazorDashboardApp.Shared.csproj", "{7117ACD5-791D-4449-8CED-39F0C5A15FE5}"
EndProject
Global
	GlobalSection(SolutionConfigurationPlatforms) = preSolution
		Debug|Any CPU = Debug|Any CPU
		Release|Any CPU = Release|Any CPU
	EndGlobalSection
	GlobalSection(ProjectConfigurationPlatforms) = postSolution
		{13C69CE2-B0B2-4261-AC23-B69277E780F3}.Debug|Any CPU.ActiveCfg = Debug|Any CPU
		{13C69CE2-B0B2-4261-AC23-B69277E780F3}.Debug|Any CPU.Build.0 = Debug|Any CPU
		{13C69CE2-B0B2-4261-AC23-B69277E780F3}.Release|Any CPU.ActiveCfg = Release|Any CPU
		{13C69CE2-B0B2-4261-AC23-B69277E780F3}.Release|Any CPU.Build.0 = Release|Any CPU
		{706137DB-8490-4097-8167-2AEA2B68BCAF}.Debug|Any CPU.ActiveCfg = Debug|Any CPU
		{706137DB-8490-4097-8167-2AEA2B68BCAF}.Debug|Any CPU.Build.0 = Debug|Any CPU
		{706137DB-8490-4097-8167-2AEA2B68BCAF}.Release|Any CPU.ActiveCfg = Release|Any CPU
		{706137DB-8490-4097-8167-2AEA2B68BCAF}.Release|Any CPU.Build.0 = Release|Any CPU
		{7117ACD5-791D-4449-8CED-39F0C5A15FE5}.Debug|Any CPU.ActiveCfg = Debug|Any CPU
		{7117ACD5-791D-4449-8CED-39F0C5A15FE5}.Debug|Any CPU.Build.0 = Debug|Any CPU
		{7117ACD5-791D-4449-8CED-39F0C5A15FE5}.Release|Any CPU.ActiveCfg = Release|Any CPU
		{7117ACD5-791D-4449-8CED-39F0C5A15FE5}.Release|Any CPU.Build.0 = Release|Any CPU
	EndGlobalSection
	GlobalSection(SolutionProperties) = preSolution
		HideSolutionNode = FALSE
	EndGlobalSection
	GlobalSection(ExtensibilityGlobals) = postSolution
		SolutionGuid = {44CB0D0A-CF6F-4C44-AAEC-4F46899B1D22}
	EndGlobalSection
EndGlobal
